// !$*UTF8*$!
{
	archiveVersion = 1;
	classes = {
	};
	objectVersion = 46;
	objects = {

/* Begin PBXBuildFile section */
		BDB245541DD960ED00425D7B /* AppDelegate.swift in Sources */ = {isa = PBXBuildFile; fileRef = BDB245531DD960ED00425D7B /* AppDelegate.swift */; };
		BDB245561DD960ED00425D7B /* Assets.xcassets in Resources */ = {isa = PBXBuildFile; fileRef = BDB245551DD960ED00425D7B /* Assets.xcassets */; };
		BDB245591DD960ED00425D7B /* MainMenu.xib in Resources */ = {isa = PBXBuildFile; fileRef = BDB245571DD960ED00425D7B /* MainMenu.xib */; };
		BDB245681DD9636A00425D7B /* MainViewController.swift in Sources */ = {isa = PBXBuildFile; fileRef = BDB245661DD9636A00425D7B /* MainViewController.swift */; };
		BDB245691DD9636A00425D7B /* MainViewController.xib in Resources */ = {isa = PBXBuildFile; fileRef = BDB245671DD9636A00425D7B /* MainViewController.xib */; };
/* End PBXBuildFile section */

/* Begin PBXFileReference section */
		BDB245501DD960ED00425D7B /* ToSrt.app */ = {isa = PBXFileReference; explicitFileType = wrapper.application; includeInIndex = 0; path = ToSrt.app; sourceTree = BUILT_PRODUCTS_DIR; };
		BDB245531DD960ED00425D7B /* AppDelegate.swift */ = {isa = PBXFileReference; lastKnownFileType = sourcecode.swift; path = AppDelegate.swift; sourceTree = "<group>"; };
		BDB245551DD960ED00425D7B /* Assets.xcassets */ = {isa = PBXFileReference; lastKnownFileType = folder.assetcatalog; path = Assets.xcassets; sourceTree = "<group>"; };
		BDB245581DD960ED00425D7B /* Base */ = {isa = PBXFileReference; lastKnownFileType = file.xib; name = Base; path = Base.lproj/MainMenu.xib; sourceTree = "<group>"; };
		BDB2455A1DD960ED00425D7B /* Info.plist */ = {isa = PBXFileReference; lastKnownFileType = text.plist.xml; path = Info.plist; sourceTree = "<group>"; };
		BDB245661DD9636A00425D7B /* MainViewController.swift */ = {isa = PBXFileReference; fileEncoding = 4; lastKnownFileType = sourcecode.swift; path = MainViewController.swift; sourceTree = "<group>"; };
		BDB245671DD9636A00425D7B /* MainViewController.xib */ = {isa = PBXFileReference; fileEncoding = 4; lastKnownFileType = file.xib; path = MainViewController.xib; sourceTree = "<group>"; };
/* End PBXFileReference section */

/* Begin PBXFrameworksBuildPhase section */
		BDB2454D1DD960ED00425D7B /* Frameworks */ = {
			isa = PBXFrameworksBuildPhase;
			buildActionMask = 2147483647;
			files = (
			);
			runOnlyForDeploymentPostprocessing = 0;
		};
/* End PBXFrameworksBuildPhase section */

/* Begin PBXGroup section */
		BDB245471DD960ED00425D7B = {
			isa = PBXGroup;
			children = (
				BDB245521DD960ED00425D7B /* ToSrt */,
				BDB245511DD960ED00425D7B /* Products */,
			);
			sourceTree = "<group>";
		};
		BDB245511DD960ED00425D7B /* Products */ = {
			isa = PBXGroup;
			children = (
				BDB245501DD960ED00425D7B /* ToSrt.app */,
			);
			name = Products;
			sourceTree = "<group>";
		};
		BDB245521DD960ED00425D7B /* ToSrt */ = {
			isa = PBXGroup;
			children = (
				BDB245531DD960ED00425D7B /* AppDelegate.swift */,
				BDB245551DD960ED00425D7B /* Assets.xcassets */,
				BDB245661DD9636A00425D7B /* MainViewController.swift */,
				BDB245671DD9636A00425D7B /* MainViewController.xib */,
				BDB245571DD960ED00425D7B /* MainMenu.xib */,
				BDB2455A1DD960ED00425D7B /* Info.plist */,
			);
			name = ToSrt;
			path = ToSRT;
			sourceTree = "<group>";
		};
/* End PBXGroup section */

/* Begin PBXNativeTarget section */
		BDB2454F1DD960ED00425D7B /* ToSrt */ = {
			isa = PBXNativeTarget;
			buildConfigurationList = BDB2455D1DD960ED00425D7B /* Build configuration list for PBXNativeTarget "ToSrt" */;
			buildPhases = (
				BDB2454C1DD960ED00425D7B /* Sources */,
				BDB2454D1DD960ED00425D7B /* Frameworks */,
				BDB2454E1DD960ED00425D7B /* Resources */,
			);
			buildRules = (
			);
			dependencies = (
			);
			name = ToSrt;
			productName = ToSRT;
			productReference = BDB245501DD960ED00425D7B /* ToSrt.app */;
			productType = "com.apple.product-type.application";
		};
/* End PBXNativeTarget section */

/* Begin PBXProject section */
		BDB245481DD960ED00425D7B /* Project object */ = {
			isa = PBXProject;
			attributes = {
				LastSwiftUpdateCheck = 0810;
				LastUpgradeCheck = 0810;
				ORGANIZATIONNAME = "Cao Zheng";
				TargetAttributes = {
					BDB2454F1DD960ED00425D7B = {
						CreatedOnToolsVersion = 8.1;
						DevelopmentTeam = DY9WT59AS2;
						ProvisioningStyle = Automatic;
					};
				};
			};
			buildConfigurationList = BDB2454B1DD960ED00425D7B /* Build configuration list for PBXProject "ToSrt" */;
			compatibilityVersion = "Xcode 3.2";
			developmentRegion = English;
			hasScannedForEncodings = 0;
			knownRegions = (
				en,
				Base,
			);
			mainGroup = BDB245471DD960ED00425D7B;
			productRefGroup = BDB245511DD960ED00425D7B /* Products */;
			projectDirPath = "";
			projectRoot = "";
			targets = (
				BDB2454F1DD960ED00425D7B /* ToSrt */,
			);
		};
/* End PBXProject section */

/* Begin PBXResourcesBuildPhase section */
		BDB2454E1DD960ED00425D7B /* Resources */ = {
			isa = PBXResourcesBuildPhase;
			buildActionMask = 2147483647;
			files = (
				BDB245561DD960ED00425D7B /* Assets.xcassets in Resources */,
				BDB245691DD9636A00425D7B /* MainViewController.xib in Resources */,
				BDB245591DD960ED00425D7B /* MainMenu.xib in Resources */,
			);
			runOnlyForDeploymentPostprocessing = 0;
		};
/* End PBXResourcesBuildPhase section */

/* Begin PBXSourcesBuildPhase section */
		BDB2454C1DD960ED00425D7B /* Sources */ = {
			isa = PBXSourcesBuildPhase;
			buildActionMask = 2147483647;
			files = (
				BDB245541DD960ED00425D7B /* AppDelegate.swift in Sources */,
				BDB245681DD9636A00425D7B /* MainViewController.swift in Sources */,
			);
			runOnlyForDeploymentPostprocessing = 0;
		};
/* End PBXSourcesBuildPhase section */

/* Begin PBXVariantGroup section */
		BDB245571DD960ED00425D7B /* MainMenu.xib */ = {
			isa = PBXVariantGroup;
			children = (
				BDB245581DD960ED00425D7B /* Base */,
			);
			name = MainMenu.xib;
			sourceTree = "<group>";
		};
/* End PBXVariantGroup section */

/* Begin XCBuildConfiguration section */
		BDB2455B1DD960ED00425D7B /* Debug */ = {
			isa = XCBuildConfiguration;
			buildSettings = {
				ALWAYS_SEARCH_USER_PATHS = NO;
				CLANG_ANALYZER_NONNULL = YES;
				CLANG_CXX_LANGUAGE_STANDARD = "gnu++0x";
				CLANG_CXX_LIBRARY = "libc++";
				CLANG_ENABLE_MODULES = YES;
				CLANG_ENABLE_OBJC_ARC = YES;
				CLANG_WARN_BOOL_CONVERSION = YES;
				CLANG_WARN_CONSTANT_CONVERSION = YES;
				CLANG_WARN_DIRECT_OBJC_ISA_USAGE = YES_ERROR;
				CLANG_WARN_DOCUMENTATION_COMMENTS = YES;
				CLANG_WARN_EMPTY_BODY = YES;
				CLANG_WARN_ENUM_CONVERSION = YES;
				CLANG_WARN_INFINITE_RECURSION = YES;
				CLANG_WARN_INT_CONVERSION = YES;
				CLANG_WARN_OBJC_ROOT_CLASS = YES_ERROR;
				CLANG_WARN_SUSPICIOUS_MOVES = YES;
				CLANG_WARN_UNREACHABLE_CODE = YES;
				CLANG_WARN__DUPLICATE_METHOD_MATCH = YES;
				CODE_SIGN_IDENTITY = "-";
				COPY_PHASE_STRIP = NO;
				DEBUG_INFORMATION_FORMAT = dwarf;
				ENABLE_STRICT_OBJC_MSGSEND = YES;
				ENABLE_TESTABILITY = YES;
				GCC_C_LANGUAGE_STANDARD = gnu99;
				GCC_DYNAMIC_NO_PIC = NO;
				GCC_NO_COMMON_BLOCKS = YES;
				GCC_OPTIMIZATION_LEVEL = 0;
				GCC_PREPROCESSOR_DEFINITIONS = (
					"DEBUG=1",
					"$(inherited)",
				);
				GCC_WARN_64_TO_32_BIT_CONVERSION = YES;
				GCC_WARN_ABOUT_RETURN_TYPE = YES_ERROR;
				GCC_WARN_UNDECLARED_SELECTOR = YES;
				GCC_WARN_UNINITIALIZED_AUTOS = YES_AGGRESSIVE;
				GCC_WARN_UNUSED_FUNCTION = YES;
				GCC_WARN_UNUSED_VARIABLE = YES;
				MACOSX_DEPLOYMENT_TARGET = 10.12;
				MTL_ENABLE_DEBUG_INFO = YES;
				ONLY_ACTIVE_ARCH = YES;
				SDKROOT = macosx;
				SWIFT_ACTIVE_COMPILATION_CONDITIONS = DEBUG;
				SWIFT_OPTIMIZATION_LEVEL = "-Onone";
			};
			name = Debug;
		};
		BDB2455C1DD960ED00425D7B /* Release */ = {
			isa = XCBuildConfiguration;
			buildSettings = {
				ALWAYS_SEARCH_USER_PATHS = NO;
				CLANG_ANALYZER_NONNULL = YES;
				CLANG_CXX_LANGUAGE_STANDARD = "gnu++0x";
				CLANG_CXX_LIBRARY = "libc++";
				CLANG_ENABLE_MODULES = YES;
				CLANG_ENABLE_OBJC_ARC = YES;
				CLANG_WARN_BOOL_CONVERSION = YES;
				CLANG_WARN_CONSTANT_CONVERSION = YES;
				CLANG_WARN_DIRECT_OBJC_ISA_USAGE = YES_ERROR;
				CLANG_WARN_DOCUMENTATION_COMMENTS = YES;
				CLANG_WARN_EMPTY_BODY = YES;
				CLANG_WARN_ENUM_CONVERSION = YES;
				CLANG_WARN_INFINITE_RECURSION = YES;
				CLANG_WARN_INT_CONVERSION = YES;
				CLANG_WARN_OBJC_ROOT_CLASS = YES_ERROR;
				CLANG_WARN_SUSPICIOUS_MOVES = YES;
				CLANG_WARN_UNREACHABLE_CODE = YES;
				CLANG_WARN__DUPLICATE_METHOD_MATCH = YES;
				CODE_SIGN_IDENTITY = "-";
				COPY_PHASE_STRIP = NO;
				DEBUG_INFORMATION_FORMAT = "dwarf-with-dsym";
				ENABLE_NS_ASSERTIONS = NO;
				ENABLE_STRICT_OBJC_MSGSEND = YES;
				GCC_C_LANGUAGE_STANDARD = gnu99;
				GCC_NO_COMMON_BLOCKS = YES;
				GCC_WARN_64_TO_32_BIT_CONVERSION = YES;
				GCC_WARN_ABOUT_RETURN_TYPE = YES_ERROR;
				GCC_WARN_UNDECLARED_SELECTOR = YES;
				GCC_WARN_UNINITIALIZED_AUTOS = YES_AGGRESSIVE;
				GCC_WARN_UNUSED_FUNCTION = YES;
				GCC_WARN_UNUSED_VARIABLE = YES;
				MACOSX_DEPLOYMENT_TARGET = 10.12;
				MTL_ENABLE_DEBUG_INFO = NO;
				SDKROOT = macosx;
				SWIFT_OPTIMIZATION_LEVEL = "-Owholemodule";
			};
			name = Release;
		};
		BDB2455E1DD960ED00425D7B /* Debug */ = {
			isa = XCBuildConfiguration;
			buildSettings = {
				ASSETCATALOG_COMPILER_APPICON_NAME = AppIcon;
				CODE_SIGN_IDENTITY = "Mac Developer";
				COMBINE_HIDPI_IMAGES = YES;
				DEVELOPMENT_TEAM = DY9WT59AS2;
				INFOPLIST_FILE = ToSrt/Info.plist;
				LD_RUNPATH_SEARCH_PATHS = "$(inherited) @executable_path/../Frameworks";
				PRODUCT_BUNDLE_IDENTIFIER = com.uiideas.ToSrt;
				PRODUCT_NAME = "$(TARGET_NAME)";
				SWIFT_VERSION = 3.0;
			};
			name = Debug;
		};
		BDB2455F1DD960ED00425D7B /* Release */ = {
			isa = XCBuildConfiguration;
			buildSettings = {
				ASSETCATALOG_COMPILER_APPICON_NAME = AppIcon;
				CODE_SIGN_IDENTITY = "Mac Developer";
				COMBINE_HIDPI_IMAGES = YES;
				DEVELOPMENT_TEAM = DY9WT59AS2;
				INFOPLIST_FILE = ToSrt/Info.plist;
				LD_RUNPATH_SEARCH_PATHS = "$(inherited) @executable_path/../Frameworks";
				PRODUCT_BUNDLE_IDENTIFIER = com.uiideas.ToSrt;
				PRODUCT_NAME = "$(TARGET_NAME)";
				SWIFT_VERSION = 3.0;
			};
			name = Release;
		};
/* End XCBuildConfiguration section */

/* Begin XCConfigurationList section */
		BDB2454B1DD960ED00425D7B /* Build configuration list for PBXProject "ToSrt" */ = {
			isa = XCConfigurationList;
			buildConfigurations = (
				BDB2455B1DD960ED00425D7B /* Debug */,
				BDB2455C1DD960ED00425D7B /* Release */,
			);
			defaultConfigurationIsVisible = 0;
			defaultConfigurationName = Release;
		};
		BDB2455D1DD960ED00425D7B /* Build configuration list for PBXNativeTarget "ToSrt" */ = {
			isa = XCConfigurationList;
			buildConfigurations = (
				BDB2455E1DD960ED00425D7B /* Debug */,
				BDB2455F1DD960ED00425D7B /* Release */,
			);
			defaultConfigurationIsVisible = 0;
			defaultConfigurationName = Release;
		};
/* End XCConfigurationList section */
	};
	rootObject = BDB245481DD960ED00425D7B /* Project object */;
}
